
Microsoft Visual Studio Solution File, Format Version 12.00
# Visual Studio 2017
Project("{FAE04EC0-301F-11D3-BF4B-00C04F79EFBC}") = "Project_NONA.Plugins", "Project_NONA.Plugins.csproj", "{E964BF44-AECC-ADEF-F2E8-491477E1D312}"
EndProject
Project("{FAE04EC0-301F-11D3-BF4B-00C04F79EFBC}") = "Project_NONA", "Project_NONA.csproj", "{B1527D93-AB4C-C66D-BC54-316716031F64}"
EndProject
Global
	GlobalSection(SolutionConfigurationPlatforms) = preSolution
		Debug|Any CPU = Debug|Any CPU
		Release|Any CPU = Release|Any CPU
	EndGlobalSection
	GlobalSection(ProjectConfigurationPlatforms) = postSolution
		{E964BF44-AECC-ADEF-F2E8-491477E1D312}.Debug|Any CPU.ActiveCfg = Debug|Any CPU
		{E964BF44-AECC-ADEF-F2E8-491477E1D312}.Debug|Any CPU.Build.0 = Debug|Any CPU
		{E964BF44-AECC-ADEF-F2E8-491477E1D312}.Release|Any CPU.ActiveCfg = Release|Any CPU
		{E964BF44-AECC-ADEF-F2E8-491477E1D312}.Release|Any CPU.Build.0 = Release|Any CPU
		{B1527D93-AB4C-C66D-BC54-316716031F64}.Debug|Any CPU.ActiveCfg = Debug|Any CPU
		{B1527D93-AB4C-C66D-BC54-316716031F64}.Debug|Any CPU.Build.0 = Debug|Any CPU
		{B1527D93-AB4C-C66D-BC54-316716031F64}.Release|Any CPU.ActiveCfg = Release|Any CPU
		{B1527D93-AB4C-C66D-BC54-316716031F64}.Release|Any CPU.Build.0 = Release|Any CPU
	EndGlobalSection
	GlobalSection(SolutionProperties) = preSolution
		HideSolutionNode = FALSE
	EndGlobalSection
EndGlobal
